// !$*UTF8*$!
{
	archiveVersion = 1;
	classes = {
	};
	objectVersion = 77;
	objects = {

/* Begin PBXContainerItemProxy section */
		EEFD19522CE2335B00755023 /* PBXContainerItemProxy */ = {
			isa = PBXContainerItemProxy;
			containerPortal = EEFD19332CE2335A00755023 /* Project object */;
			proxyType = 1;
			remoteGlobalIDString = EEFD193A2CE2335A00755023;
			remoteInfo = ProtocolKullanimi;
		};
		EEFD195C2CE2335B00755023 /* PBXContainerItemProxy */ = {
			isa = PBXContainerItemProxy;
			containerPortal = EEFD19332CE2335A00755023 /* Project object */;
			proxyType = 1;
			remoteGlobalIDString = EEFD193A2CE2335A00755023;
			remoteInfo = ProtocolKullanimi;
		};
/* End PBXContainerItemProxy section */

/* Begin PBXFileReference section */
		EEFD193B2CE2335A00755023 /* ProtocolKullanimi.app */ = {isa = PBXFileReference; explicitFileType = wrapper.application; includeInIndex = 0; path = ProtocolKullanimi.app; sourceTree = BUILT_PRODUCTS_DIR; };
		EEFD19512CE2335B00755023 /* ProtocolKullanimiTests.xctest */ = {isa = PBXFileReference; explicitFileType = wrapper.cfbundle; includeInIndex = 0; path = ProtocolKullanimiTests.xctest; sourceTree = BUILT_PRODUCTS_DIR; };
		EEFD195B2CE2335B00755023 /* ProtocolKullanimiUITests.xctest */ = {isa = PBXFileReference; explicitFileType = wrapper.cfbundle; includeInIndex = 0; path = ProtocolKullanimiUITests.xctest; sourceTree = BUILT_PRODUCTS_DIR; };
/* End PBXFileReference section */

/* Begin PBXFileSystemSynchronizedBuildFileExceptionSet section */
		EEFD19632CE2335B00755023 /* Exceptions for "ProtocolKullanimi" folder in "ProtocolKullanimi" target */ = {
			isa = PBXFileSystemSynchronizedBuildFileExceptionSet;
			membershipExceptions = (
				Info.plist,
			);
			target = EEFD193A2CE2335A00755023 /* ProtocolKullanimi */;
		};
/* End PBXFileSystemSynchronizedBuildFileExceptionSet section */

/* Begin PBXFileSystemSynchronizedRootGroup section */
		EEFD193D2CE2335A00755023 /* ProtocolKullanimi */ = {
			isa = PBXFileSystemSynchronizedRootGroup;
			exceptions = (
				EEFD19632CE2335B00755023 /* Exceptions for "ProtocolKullanimi" folder in "ProtocolKullanimi" target */,
			);
			path = ProtocolKullanimi;
			sourceTree = "<group>";
		};
		EEFD19542CE2335B00755023 /* ProtocolKullanimiTests */ = {
			isa = PBXFileSystemSynchronizedRootGroup;
			path = ProtocolKullanimiTests;
			sourceTree = "<group>";
		};
		EEFD195E2CE2335B00755023 /* ProtocolKullanimiUITests */ = {
			isa = PBXFileSystemSynchronizedRootGroup;
			path = ProtocolKullanimiUITests;
			sourceTree = "<group>";
		};
/* End PBXFileSystemSynchronizedRootGroup section */

/* Begin PBXFrameworksBuildPhase section */
		EEFD19382CE2335A00755023 /* Frameworks */ = {
			isa = PBXFrameworksBuildPhase;
			buildActionMask = 2147483647;
			files = (
			);
			runOnlyForDeploymentPostprocessing = 0;
		};
		EEFD194E2CE2335B00755023 /* Frameworks */ = {
			isa = PBXFrameworksBuildPhase;
			buildActionMask = 2147483647;
			files = (
			);
			runOnlyForDeploymentPostprocessing = 0;
		};
		EEFD19582CE2335B00755023 /* Frameworks */ = {
			isa = PBXFrameworksBuildPhase;
			buildActionMask = 2147483647;
			files = (
			);
			runOnlyForDeploymentPostprocessing = 0;
		};
/* End PBXFrameworksBuildPhase section */

/* Begin PBXGroup section */
		EEFD19322CE2335A00755023 = {
			isa = PBXGroup;
			children = (
				EEFD193D2CE2335A00755023 /* ProtocolKullanimi */,
				EEFD19542CE2335B00755023 /* ProtocolKullanimiTests */,
				EEFD195E2CE2335B00755023 /* ProtocolKullanimiUITests */,
				EEFD193C2CE2335A00755023 /* Products */,
			);
			sourceTree = "<group>";
		};
		EEFD193C2CE2335A00755023 /* Products */ = {
			isa = PBXGroup;
			children = (
				EEFD193B2CE2335A00755023 /* ProtocolKullanimi.app */,
				EEFD19512CE2335B00755023 /* ProtocolKullanimiTests.xctest */,
				EEFD195B2CE2335B00755023 /* ProtocolKullanimiUITests.xctest */,
			);
			name = Products;
			sourceTree = "<group>";
		};
/* End PBXGroup section */

/* Begin PBXNativeTarget section */
		EEFD193A2CE2335A00755023 /* ProtocolKullanimi */ = {
			isa = PBXNativeTarget;
			buildConfigurationList = EEFD19642CE2335B00755023 /* Build configuration list for PBXNativeTarget "ProtocolKullanimi" */;
			buildPhases = (
				EEFD19372CE2335A00755023 /* Sources */,
				EEFD19382CE2335A00755023 /* Frameworks */,
				EEFD19392CE2335A00755023 /* Resources */,
			);
			buildRules = (
			);
			dependencies = (
			);
			fileSystemSynchronizedGroups = (
				EEFD193D2CE2335A00755023 /* ProtocolKullanimi */,
			);
			name = ProtocolKullanimi;
			packageProductDependencies = (
			);
			productName = ProtocolKullanimi;
			productReference = EEFD193B2CE2335A00755023 /* ProtocolKullanimi.app */;
			productType = "com.apple.product-type.application";
		};
		EEFD19502CE2335B00755023 /* ProtocolKullanimiTests */ = {
			isa = PBXNativeTarget;
			buildConfigurationList = EEFD19692CE2335B00755023 /* Build configuration list for PBXNativeTarget "ProtocolKullanimiTests" */;
			buildPhases = (
				EEFD194D2CE2335B00755023 /* Sources */,
				EEFD194E2CE2335B00755023 /* Frameworks */,
				EEFD194F2CE2335B00755023 /* Resources */,
			);
			buildRules = (
			);
			dependencies = (
				EEFD19532CE2335B00755023 /* PBXTargetDependency */,
			);
			fileSystemSynchronizedGroups = (
				EEFD19542CE2335B00755023 /* ProtocolKullanimiTests */,
			);
			name = ProtocolKullanimiTests;
			packageProductDependencies = (
			);
			productName = ProtocolKullanimiTests;
			productReference = EEFD19512CE2335B00755023 /* ProtocolKullanimiTests.xctest */;
			productType = "com.apple.product-type.bundle.unit-test";
		};
		EEFD195A2CE2335B00755023 /* ProtocolKullanimiUITests */ = {
			isa = PBXNativeTarget;
			buildConfigurationList = EEFD196C2CE2335B00755023 /* Build configuration list for PBXNativeTarget "ProtocolKullanimiUITests" */;
			buildPhases = (
				EEFD19572CE2335B00755023 /* Sources */,
				EEFD19582CE2335B00755023 /* Frameworks */,
				EEFD19592CE2335B00755023 /* Resources */,
			);
			buildRules = (
			);
			dependencies = (
				EEFD195D2CE2335B00755023 /* PBXTargetDependency */,
			);
			fileSystemSynchronizedGroups = (
				EEFD195E2CE2335B00755023 /* ProtocolKullanimiUITests */,
			);
			name = ProtocolKullanimiUITests;
			packageProductDependencies = (
			);
			productName = ProtocolKullanimiUITests;
			productReference = EEFD195B2CE2335B00755023 /* ProtocolKullanimiUITests.xctest */;
			productType = "com.apple.product-type.bundle.ui-testing";
		};
/* End PBXNativeTarget section */

/* Begin PBXProject section */
		EEFD19332CE2335A00755023 /* Project object */ = {
			isa = PBXProject;
			attributes = {
				BuildIndependentTargetsInParallel = 1;
				LastSwiftUpdateCheck = 1610;
				LastUpgradeCheck = 1610;
				TargetAttributes = {
					EEFD193A2CE2335A00755023 = {
						CreatedOnToolsVersion = 16.1;
					};
					EEFD19502CE2335B00755023 = {
						CreatedOnToolsVersion = 16.1;
						TestTargetID = EEFD193A2CE2335A00755023;
					};
					EEFD195A2CE2335B00755023 = {
						CreatedOnToolsVersion = 16.1;
						TestTargetID = EEFD193A2CE2335A00755023;
					};
				};
			};
			buildConfigurationList = EEFD19362CE2335A00755023 /* Build configuration list for PBXProject "ProtocolKullanimi" */;
			developmentRegion = en;
			hasScannedForEncodings = 0;
			knownRegions = (
				en,
				Base,
			);
			mainGroup = EEFD19322CE2335A00755023;
			minimizedProjectReferenceProxies = 1;
			preferredProjectObjectVersion = 77;
			productRefGroup = EEFD193C2CE2335A00755023 /* Products */;
			projectDirPath = "";
			projectRoot = "";
			targets = (
				EEFD193A2CE2335A00755023 /* ProtocolKullanimi */,
				EEFD19502CE2335B00755023 /* ProtocolKullanimiTests */,
				EEFD195A2CE2335B00755023 /* ProtocolKullanimiUITests */,
			);
		};
/* End PBXProject section */

/* Begin PBXResourcesBuildPhase section */
		EEFD19392CE2335A00755023 /* Resources */ = {
			isa = PBXResourcesBuildPhase;
			buildActionMask = 2147483647;
			files = (
			);
			runOnlyForDeploymentPostprocessing = 0;
		};
		EEFD194F2CE2335B00755023 /* Resources */ = {
			isa = PBXResourcesBuildPhase;
			buildActionMask = 2147483647;
			files = (
			);
			runOnlyForDeploymentPostprocessing = 0;
		};
		EEFD19592CE2335B00755023 /* Resources */ = {
			isa = PBXResourcesBuildPhase;
			buildActionMask = 2147483647;
			files = (
			);
			runOnlyForDeploymentPostprocessing = 0;
		};
/* End PBXResourcesBuildPhase section */

/* Begin PBXSourcesBuildPhase section */
		EEFD19372CE2335A00755023 /* Sources */ = {
			isa = PBXSourcesBuildPhase;
			buildActionMask = 2147483647;
			files = (
			);
			runOnlyForDeploymentPostprocessing = 0;
		};
		EEFD194D2CE2335B00755023 /* Sources */ = {
			isa = PBXSourcesBuildPhase;
			buildActionMask = 2147483647;
			files = (
			);
			runOnlyForDeploymentPostprocessing = 0;
		};
		EEFD19572CE2335B00755023 /* Sources */ = {
			isa = PBXSourcesBuildPhase;
			buildActionMask = 2147483647;
			files = (
			);
			runOnlyForDeploymentPostprocessing = 0;
		};
/* End PBXSourcesBuildPhase section */

/* Begin PBXTargetDependency section */
		EEFD19532CE2335B00755023 /* PBXTargetDependency */ = {
			isa = PBXTargetDependency;
			target = EEFD193A2CE2335A00755023 /* ProtocolKullanimi */;
			targetProxy = EEFD19522CE2335B00755023 /* PBXContainerItemProxy */;
		};
		EEFD195D2CE2335B00755023 /* PBXTargetDependency */ = {
			isa = PBXTargetDependency;
			target = EEFD193A2CE2335A00755023 /* ProtocolKullanimi */;
			targetProxy = EEFD195C2CE2335B00755023 /* PBXContainerItemProxy */;
		};
/* End PBXTargetDependency section */

/* Begin XCBuildConfiguration section */
		EEFD19652CE2335B00755023 /* Debug */ = {
			isa = XCBuildConfiguration;
			buildSettings = {
				ASSETCATALOG_COMPILER_APPICON_NAME = AppIcon;
				ASSETCATALOG_COMPILER_GLOBAL_ACCENT_COLOR_NAME = AccentColor;
				CODE_SIGN_STYLE = Automatic;
				CURRENT_PROJECT_VERSION = 1;
				GENERATE_INFOPLIST_FILE = YES;
				INFOPLIST_FILE = ProtocolKullanimi/Info.plist;
				INFOPLIST_KEY_UIApplicationSupportsIndirectInputEvents = YES;
				INFOPLIST_KEY_UILaunchStoryboardName = LaunchScreen;
				INFOPLIST_KEY_UIMainStoryboardFile = Main;
				INFOPLIST_KEY_UISupportedInterfaceOrientations_iPad = "UIInterfaceOrientationPortrait UIInterfaceOrientationPortraitUpsideDown UIInterfaceOrientationLandscapeLeft UIInterfaceOrientationLandscapeRight";
				INFOPLIST_KEY_UISupportedInterfaceOrientations_iPhone = "UIInterfaceOrientationPortrait UIInterfaceOrientationLandscapeLeft UIInterfaceOrientationLandscapeRight";
				LD_RUNPATH_SEARCH_PATHS = (
					"$(inherited)",
					"@executable_path/Frameworks",
				);
				MARKETING_VERSION = 1.0;
				PRODUCT_BUNDLE_IDENTIFIER = com.nur.ProtocolKullanimi;
				PRODUCT_NAME = "$(TARGET_NAME)";
				SWIFT_EMIT_LOC_STRINGS = YES;
				SWIFT_VERSION = 5.0;
				TARGETED_DEVICE_FAMILY = "1,2";
			};
			name = Debug;
		};
		EEFD19662CE2335B00755023 /* Release */ = {
			isa = XCBuildConfiguration;
			buildSettings = {
				ASSETCATALOG_COMPILER_APPICON_NAME = AppIcon;
				ASSETCATALOG_COMPILER_GLOBAL_ACCENT_COLOR_NAME = AccentColor;
				CODE_SIGN_STYLE = Automatic;
				CURRENT_PROJECT_VERSION = 1;
				GENERATE_INFOPLIST_FILE = YES;
				INFOPLIST_FILE = ProtocolKullanimi/Info.plist;
				INFOPLIST_KEY_UIApplicationSupportsIndirectInputEvents = YES;
				INFOPLIST_KEY_UILaunchStoryboardName = LaunchScreen;
				INFOPLIST_KEY_UIMainStoryboardFile = Main;
				INFOPLIST_KEY_UISupportedInterfaceOrientations_iPad = "UIInterfaceOrientationPortrait UIInterfaceOrientationPortraitUpsideDown UIInterfaceOrientationLandscapeLeft UIInterfaceOrientationLandscapeRight";
				INFOPLIST_KEY_UISupportedInterfaceOrientations_iPhone = "UIInterfaceOrientationPortrait UIInterfaceOrientationLandscapeLeft UIInterfaceOrientationLandscapeRight";
				LD_RUNPATH_SEARCH_PATHS = (
					"$(inherited)",
					"@executable_path/Frameworks",
				);
				MARKETING_VERSION = 1.0;
				PRODUCT_BUNDLE_IDENTIFIER = com.nur.ProtocolKullanimi;
				PRODUCT_NAME = "$(TARGET_NAME)";
				SWIFT_EMIT_LOC_STRINGS = YES;
				SWIFT_VERSION = 5.0;
				TARGETED_DEVICE_FAMILY = "1,2";
			};
			name = Release;
		};
		EEFD19672CE2335B00755023 /* Debug */ = {
			isa = XCBuildConfiguration;
			buildSettings = {
				ALWAYS_SEARCH_USER_PATHS = NO;
				ASSETCATALOG_COMPILER_GENERATE_SWIFT_ASSET_SYMBOL_EXTENSIONS = YES;
				CLANG_ANALYZER_NONNULL = YES;
				CLANG_ANALYZER_NUMBER_OBJECT_CONVERSION = YES_AGGRESSIVE;
				CLANG_CXX_LANGUAGE_STANDARD = "gnu++20";
				CLANG_ENABLE_MODULES = YES;
				CLANG_ENABLE_OBJC_ARC = YES;
				CLANG_ENABLE_OBJC_WEAK = YES;
				CLANG_WARN_BLOCK_CAPTURE_AUTORELEASING = YES;
				CLANG_WARN_BOOL_CONVERSION = YES;
				CLANG_WARN_COMMA = YES;
				CLANG_WARN_CONSTANT_CONVERSION = YES;
				CLANG_WARN_DEPRECATED_OBJC_IMPLEMENTATIONS = YES;
				CLANG_WARN_DIRECT_OBJC_ISA_USAGE = YES_ERROR;
				CLANG_WARN_DOCUMENTATION_COMMENTS = YES;
				CLANG_WARN_EMPTY_BODY = YES;
				CLANG_WARN_ENUM_CONVERSION = YES;
				CLANG_WARN_INFINITE_RECURSION = YES;
				CLANG_WARN_INT_CONVERSION = YES;
				CLANG_WARN_NON_LITERAL_NULL_CONVERSION = YES;
				CLANG_WARN_OBJC_IMPLICIT_RETAIN_SELF = YES;
				CLANG_WARN_OBJC_LITERAL_CONVERSION = YES;
				CLANG_WARN_OBJC_ROOT_CLASS = YES_ERROR;
				CLANG_WARN_QUOTED_INCLUDE_IN_FRAMEWORK_HEADER = YES;
				CLANG_WARN_RANGE_LOOP_ANALYSIS = YES;
				CLANG_WARN_STRICT_PROTOTYPES = YES;
				CLANG_WARN_SUSPICIOUS_MOVE = YES;
				CLANG_WARN_UNGUARDED_AVAILABILITY = YES_AGGRESSIVE;
				CLANG_WARN_UNREACHABLE_CODE = YES;
				CLANG_WARN__DUPLICATE_METHOD_MATCH = YES;
				COPY_PHASE_STRIP = NO;
				DEBUG_INFORMATION_FORMAT = dwarf;
				ENABLE_STRICT_OBJC_MSGSEND = YES;
				ENABLE_TESTABILITY = YES;
				ENABLE_USER_SCRIPT_SANDBOXING = YES;
				GCC_C_LANGUAGE_STANDARD = gnu17;
				GCC_DYNAMIC_NO_PIC = NO;
				GCC_NO_COMMON_BLOCKS = YES;
				GCC_OPTIMIZATION_LEVEL = 0;
				GCC_PREPROCESSOR_DEFINITIONS = (
					"DEBUG=1",
					"$(inherited)",
				);
				GCC_WARN_64_TO_32_BIT_CONVERSION = YES;
				GCC_WARN_ABOUT_RETURN_TYPE = YES_ERROR;
				GCC_WARN_UNDECLARED_SELECTOR = YES;
				GCC_WARN_UNINITIALIZED_AUTOS = YES_AGGRESSIVE;
				GCC_WARN_UNUSED_FUNCTION = YES;
				GCC_WARN_UNUSED_VARIABLE = YES;
				IPHONEOS_DEPLOYMENT_TARGET = 18.1;
				LOCALIZATION_PREFERS_STRING_CATALOGS = YES;
				MTL_ENABLE_DEBUG_INFO = INCLUDE_SOURCE;
				MTL_FAST_MATH = YES;
				ONLY_ACTIVE_ARCH = YES;
				SDKROOT = iphoneos;
				SWIFT_ACTIVE_COMPILATION_CONDITIONS = "DEBUG $(inherited)";
				SWIFT_OPTIMIZATION_LEVEL = "-Onone";
			};
			name = Debug;
		};
		EEFD19682CE2335B00755023 /* Release */ = {
			isa = XCBuildConfiguration;
			buildSettings = {
				ALWAYS_SEARCH_USER_PATHS = NO;
				ASSETCATALOG_COMPILER_GENERATE_SWIFT_ASSET_SYMBOL_EXTENSIONS = YES;
				CLANG_ANALYZER_NONNULL = YES;
				CLANG_ANALYZER_NUMBER_OBJECT_CONVERSION = YES_AGGRESSIVE;
				CLANG_CXX_LANGUAGE_STANDARD = "gnu++20";
				CLANG_ENABLE_MODULES = YES;
				CLANG_ENABLE_OBJC_ARC = YES;
				CLANG_ENABLE_OBJC_WEAK = YES;
				CLANG_WARN_BLOCK_CAPTURE_AUTORELEASING = YES;
				CLANG_WARN_BOOL_CONVERSION = YES;
				CLANG_WARN_COMMA = YES;
				CLANG_WARN_CONSTANT_CONVERSION = YES;
				CLANG_WARN_DEPRECATED_OBJC_IMPLEMENTATIONS = YES;
				CLANG_WARN_DIRECT_OBJC_ISA_USAGE = YES_ERROR;
				CLANG_WARN_DOCUMENTATION_COMMENTS = YES;
				CLANG_WARN_EMPTY_BODY = YES;
				CLANG_WARN_ENUM_CONVERSION = YES;
				CLANG_WARN_INFINITE_RECURSION = YES;
				CLANG_WARN_INT_CONVERSION = YES;
				CLANG_WARN_NON_LITERAL_NULL_CONVERSION = YES;
				CLANG_WARN_OBJC_IMPLICIT_RETAIN_SELF = YES;
				CLANG_WARN_OBJC_LITERAL_CONVERSION = YES;
				CLANG_WARN_OBJC_ROOT_CLASS = YES_ERROR;
				CLANG_WARN_QUOTED_INCLUDE_IN_FRAMEWORK_HEADER = YES;
				CLANG_WARN_RANGE_LOOP_ANALYSIS = YES;
				CLANG_WARN_STRICT_PROTOTYPES = YES;
				CLANG_WARN_SUSPICIOUS_MOVE = YES;
				CLANG_WARN_UNGUARDED_AVAILABILITY = YES_AGGRESSIVE;
				CLANG_WARN_UNREACHABLE_CODE = YES;
				CLANG_WARN__DUPLICATE_METHOD_MATCH = YES;
				COPY_PHASE_STRIP = NO;
				DEBUG_INFORMATION_FORMAT = "dwarf-with-dsym";
				ENABLE_NS_ASSERTIONS = NO;
				ENABLE_STRICT_OBJC_MSGSEND = YES;
				ENABLE_USER_SCRIPT_SANDBOXING = YES;
				GCC_C_LANGUAGE_STANDARD = gnu17;
				GCC_NO_COMMON_BLOCKS = YES;
				GCC_WARN_64_TO_32_BIT_CONVERSION = YES;
				GCC_WARN_ABOUT_RETURN_TYPE = YES_ERROR;
				GCC_WARN_UNDECLARED_SELECTOR = YES;
				GCC_WARN_UNINITIALIZED_AUTOS = YES_AGGRESSIVE;
				GCC_WARN_UNUSED_FUNCTION = YES;
				GCC_WARN_UNUSED_VARIABLE = YES;
				IPHONEOS_DEPLOYMENT_TARGET = 18.1;
				LOCALIZATION_PREFERS_STRING_CATALOGS = YES;
				MTL_ENABLE_DEBUG_INFO = NO;
				MTL_FAST_MATH = YES;
				SDKROOT = iphoneos;
				SWIFT_COMPILATION_MODE = wholemodule;
				VALIDATE_PRODUCT = YES;
			};
			name = Release;
		};
		EEFD196A2CE2335B00755023 /* Debug */ = {
			isa = XCBuildConfiguration;
			buildSettings = {
				BUNDLE_LOADER = "$(TEST_HOST)";
				CODE_SIGN_STYLE = Automatic;
				CURRENT_PROJECT_VERSION = 1;
				GENERATE_INFOPLIST_FILE = YES;
				IPHONEOS_DEPLOYMENT_TARGET = 18.1;
				MARKETING_VERSION = 1.0;
				PRODUCT_BUNDLE_IDENTIFIER = com.nur.ProtocolKullanimiTests;
				PRODUCT_NAME = "$(TARGET_NAME)";
				SWIFT_EMIT_LOC_STRINGS = NO;
				SWIFT_VERSION = 5.0;
				TARGETED_DEVICE_FAMILY = "1,2";
				TEST_HOST = "$(BUILT_PRODUCTS_DIR)/ProtocolKullanimi.app/$(BUNDLE_EXECUTABLE_FOLDER_PATH)/ProtocolKullanimi";
			};
			name = Debug;
		};
		EEFD196B2CE2335B00755023 /* Release */ = {
			isa = XCBuildConfiguration;
			buildSettings = {
				BUNDLE_LOADER = "$(TEST_HOST)";
				CODE_SIGN_STYLE = Automatic;
				CURRENT_PROJECT_VERSION = 1;
				GENERATE_INFOPLIST_FILE = YES;
				IPHONEOS_DEPLOYMENT_TARGET = 18.1;
				MARKETING_VERSION = 1.0;
				PRODUCT_BUNDLE_IDENTIFIER = com.nur.ProtocolKullanimiTests;
				PRODUCT_NAME = "$(TARGET_NAME)";
				SWIFT_EMIT_LOC_STRINGS = NO;
				SWIFT_VERSION = 5.0;
				TARGETED_DEVICE_FAMILY = "1,2";
				TEST_HOST = "$(BUILT_PRODUCTS_DIR)/ProtocolKullanimi.app/$(BUNDLE_EXECUTABLE_FOLDER_PATH)/ProtocolKullanimi";
			};
			name = Release;
		};
		EEFD196D2CE2335B00755023 /* Debug */ = {
			isa = XCBuildConfiguration;
			buildSettings = {
				CODE_SIGN_STYLE = Automatic;
				CURRENT_PROJECT_VERSION = 1;
				GENERATE_INFOPLIST_FILE = YES;
				MARKETING_VERSION = 1.0;
				PRODUCT_BUNDLE_IDENTIFIER = com.nur.ProtocolKullanimiUITests;
				PRODUCT_NAME = "$(TARGET_NAME)";
				SWIFT_EMIT_LOC_STRINGS = NO;
				SWIFT_VERSION = 5.0;
				TARGETED_DEVICE_FAMILY = "1,2";
				TEST_TARGET_NAME = ProtocolKullanimi;
			};
			name = Debug;
		};
		EEFD196E2CE2335B00755023 /* Release */ = {
			isa = XCBuildConfiguration;
			buildSettings = {
				CODE_SIGN_STYLE = Automatic;
				CURRENT_PROJECT_VERSION = 1;
				GENERATE_INFOPLIST_FILE = YES;
				MARKETING_VERSION = 1.0;
				PRODUCT_BUNDLE_IDENTIFIER = com.nur.ProtocolKullanimiUITests;
				PRODUCT_NAME = "$(TARGET_NAME)";
				SWIFT_EMIT_LOC_STRINGS = NO;
				SWIFT_VERSION = 5.0;
				TARGETED_DEVICE_FAMILY = "1,2";
				TEST_TARGET_NAME = ProtocolKullanimi;
			};
			name = Release;
		};
/* End XCBuildConfiguration section */

/* Begin XCConfigurationList section */
		EEFD19362CE2335A00755023 /* Build configuration list for PBXProject "ProtocolKullanimi" */ = {
			isa = XCConfigurationList;
			buildConfigurations = (
				EEFD19672CE2335B00755023 /* Debug */,
				EEFD19682CE2335B00755023 /* Release */,
			);
			defaultConfigurationIsVisible = 0;
			defaultConfigurationName = Release;
		};
		EEFD19642CE2335B00755023 /* Build configuration list for PBXNativeTarget "ProtocolKullanimi" */ = {
			isa = XCConfigurationList;
			buildConfigurations = (
				EEFD19652CE2335B00755023 /* Debug */,
				EEFD19662CE2335B00755023 /* Release */,
			);
			defaultConfigurationIsVisible = 0;
			defaultConfigurationName = Release;
		};
		EEFD19692CE2335B00755023 /* Build configuration list for PBXNativeTarget "ProtocolKullanimiTests" */ = {
			isa = XCConfigurationList;
			buildConfigurations = (
				EEFD196A2CE2335B00755023 /* Debug */,
				EEFD196B2CE2335B00755023 /* Release */,
			);
			defaultConfigurationIsVisible = 0;
			defaultConfigurationName = Release;
		};
		EEFD196C2CE2335B00755023 /* Build configuration list for PBXNativeTarget "ProtocolKullanimiUITests" */ = {
			isa = XCConfigurationList;
			buildConfigurations = (
				EEFD196D2CE2335B00755023 /* Debug */,
				EEFD196E2CE2335B00755023 /* Release */,
			);
			defaultConfigurationIsVisible = 0;
			defaultConfigurationName = Release;
		};
/* End XCConfigurationList section */
	};
	rootObject = EEFD19332CE2335A00755023 /* Project object */;
}
